lockfileVersion: '9.0'

settings:
  autoInstallPeers: true
  excludeLinksFromLockfile: false

importers:

  .:
    dependencies:
      '@nkrkn/linear-auto-task':
        specifier: latest
        version: 0.5.0
    devDependencies:
      '@types/node':
        specifier: ^22.4.1
        version: 22.5.0
      typescript:
        specifier: ^5.5.4
        version: 5.5.4

packages:

  '@graphql-typed-document-node/core@3.2.0':
    resolution: {integrity: sha512-mB9oAsNCm9aM3/SOv4YtBMqZbYj10R7dkq8byBqxGY/ncFwhf2oQzMV+LCRlWoDSEBJ3COiR1yeDvMtsoOsuFQ==}
    peerDependencies:
      graphql: ^0.8.0 || ^0.9.0 || ^0.10.0 || ^0.11.0 || ^0.12.0 || ^0.13.0 || ^14.0.0 || ^15.0.0 || ^16.0.0 || ^17.0.0

  '@linear/sdk@25.0.0':
    resolution: {integrity: sha512-GjD0NXTyLVLzSweYhqTi0XXkUiRQQ2uQVVPDbc1MzknrEBMT+DaBNSwfR8j22xMxfUhthq8leq0OSc5o5zo2fA==}
    engines: {node: '>=12.x', yarn: 1.x}

  '@nkrkn/linear-auto-task@0.5.0':
    resolution: {integrity: sha512-o9+I7X5+lYs9LHd1IAveCdBmFEck/xBv97dqZ+182B6rmoqRWlj+SqwklO+vBwnD0NT9GjWiOk7lrMBt3jxACA==}

  '@types/node@22.5.0':
    resolution: {integrity: sha512-DkFrJOe+rfdHTqqMg0bSNlGlQ85hSoh2TPzZyhHsXnMtligRWpxUySiyw8FY14ITt24HVCiQPWxS3KO/QlGmWg==}

  graphql@15.9.0:
    resolution: {integrity: sha512-GCOQdvm7XxV1S4U4CGrsdlEN37245eC8P9zaYCMr6K1BG0IPGy5lUwmJsEOGyl1GD6HXjOtl2keCP9asRBwNvA==}
    engines: {node: '>= 10.x'}

  isomorphic-unfetch@3.1.0:
    resolution: {integrity: sha512-geDJjpoZ8N0kWexiwkX8F9NkTsXhetLPVbZFQ+JTW239QNOwvB0gniuR1Wc6f0AMTn7/mFGyXvHTifrCp/GH8Q==}

  node-fetch@2.7.0:
    resolution: {integrity: sha512-c4FRfUm/dbcWZ7U+1Wq0AwCyFL+3nt2bEw05wfxSz+DWpWsitgmSgYmy2dQdWyKC1694ELPqMs/YzUSNozLt8A==}
    engines: {node: 4.x || >=6.0.0}
    peerDependencies:
      encoding: ^0.1.0
    peerDependenciesMeta:
      encoding:
        optional: true

  tr46@0.0.3:
    resolution: {integrity: sha512-N3WMsuqV66lT30CrXNbEjx4GEwlow3v6rr4mCcv6prnfwhS01rkgyFdjPNBYd9br7LpXV1+Emh01fHnq2Gdgrw==}

  typescript@5.5.4:
    resolution: {integrity: sha512-Mtq29sKDAEYP7aljRgtPOpTvOfbwRWlS6dPRzwjdE+C0R4brX/GUyhHSecbHMFLNBLcJIPt9nl9yG5TZ1weH+Q==}
    engines: {node: '>=14.17'}
    hasBin: true

  undici-types@6.19.8:
    resolution: {integrity: sha512-ve2KP6f/JnbPBFyobGHuerC9g1FYGn/F8n1LWTwNxCEzd6IfqTwUQcNXgEtmmQ6DlRrC1hrSrBnCZPokRrDHjw==}

  unfetch@4.2.0:
    resolution: {integrity: sha512-F9p7yYCn6cIW9El1zi0HI6vqpeIvBsr3dSuRO6Xuppb1u5rXpCPmMvLSyECLhybr9isec8Ohl0hPekMVrEinDA==}

  webidl-conversions@3.0.1:
    resolution: {integrity: sha512-2JAn3z8AR6rjK8Sm8orRC0h/bcl/DqL7tRPdGZ4I1CjdF+EaMLmYxBHyXuKL849eucPFhvBoxMsflfOb8kxaeQ==}

  whatwg-url@5.0.0:
    resolution: {integrity: sha512-saE57nupxk6v3HY35+jzBwYa0rKSy0XR8JSxZPwgLr7ys0IBzhGviA1/TUGJLmSVqs8pb9AnvICXEuOHLprYTw==}

snapshots:

  '@graphql-typed-document-node/core@3.2.0(graphql@15.9.0)':
    dependencies:
      graphql: 15.9.0

  '@linear/sdk@25.0.0':
    dependencies:
      '@graphql-typed-document-node/core': 3.2.0(graphql@15.9.0)
      graphql: 15.9.0
      isomorphic-unfetch: 3.1.0
    transitivePeerDependencies:
      - encoding

  '@nkrkn/linear-auto-task@0.5.0':
    dependencies:
      '@linear/sdk': 25.0.0
    transitivePeerDependencies:
      - encoding

  '@types/node@22.5.0':
    dependencies:
      undici-types: 6.19.8

  graphql@15.9.0: {}

  isomorphic-unfetch@3.1.0:
    dependencies:
      node-fetch: 2.7.0
      unfetch: 4.2.0
    transitivePeerDependencies:
      - encoding

  node-fetch@2.7.0:
    dependencies:
      whatwg-url: 5.0.0

  tr46@0.0.3: {}

  typescript@5.5.4: {}

  undici-types@6.19.8: {}

  unfetch@4.2.0: {}

  webidl-conversions@3.0.1: {}

  whatwg-url@5.0.0:
    dependencies:
      tr46: 0.0.3
      webidl-conversions: 3.0.1
